// !$*UTF8*$!
{
	archiveVersion = 1;
	classes = {
	};
	objectVersion = 56;
	objects = {

/* Begin PBXBuildFile section */
		50CFF60029CB31E9008D595E /* AppDelegate.swift in Sources */ = {isa = PBXBuildFile; fileRef = 50CFF5FF29CB31E9008D595E /* AppDelegate.swift */; };
		50CFF60229CB31E9008D595E /* SceneDelegate.swift in Sources */ = {isa = PBXBuildFile; fileRef = 50CFF60129CB31E9008D595E /* SceneDelegate.swift */; };
		50CFF60429CB31E9008D595E /* ViewController.swift in Sources */ = {isa = PBXBuildFile; fileRef = 50CFF60329CB31E9008D595E /* ViewController.swift */; };
		50CFF60729CB31E9008D595E /* Main.storyboard in Resources */ = {isa = PBXBuildFile; fileRef = 50CFF60529CB31E9008D595E /* Main.storyboard */; };
		50CFF60929CB31EB008D595E /* Assets.xcassets in Resources */ = {isa = PBXBuildFile; fileRef = 50CFF60829CB31EB008D595E /* Assets.xcassets */; };
		50CFF60C29CB31EB008D595E /* LaunchScreen.storyboard in Resources */ = {isa = PBXBuildFile; fileRef = 50CFF60A29CB31EB008D595E /* LaunchScreen.storyboard */; };
		50CFF61729CB31EB008D595E /* aaaaaaTests.swift in Sources */ = {isa = PBXBuildFile; fileRef = 50CFF61629CB31EB008D595E /* aaaaaaTests.swift */; };
		50CFF62129CB31EB008D595E /* aaaaaaUITests.swift in Sources */ = {isa = PBXBuildFile; fileRef = 50CFF62029CB31EB008D595E /* aaaaaaUITests.swift */; };
		50CFF62329CB31EB008D595E /* aaaaaaUITestsLaunchTests.swift in Sources */ = {isa = PBXBuildFile; fileRef = 50CFF62229CB31EB008D595E /* aaaaaaUITestsLaunchTests.swift */; };
		50CFF64729CBD507008D595E /* MyTableViewCell.swift in Sources */ = {isa = PBXBuildFile; fileRef = 50CFF64529CBD507008D595E /* MyTableViewCell.swift */; };
		50CFF64829CBD507008D595E /* MyTableViewCell.xib in Resources */ = {isa = PBXBuildFile; fileRef = 50CFF64629CBD507008D595E /* MyTableViewCell.xib */; };
		50CFF64B29CBD6F8008D595E /* Alamofire in Frameworks */ = {isa = PBXBuildFile; productRef = 50CFF64A29CBD6F8008D595E /* Alamofire */; };
/* End PBXBuildFile section */

/* Begin PBXContainerItemProxy section */
		50CFF61329CB31EB008D595E /* PBXContainerItemProxy */ = {
			isa = PBXContainerItemProxy;
			containerPortal = 50CFF5F429CB31E9008D595E /* Project object */;
			proxyType = 1;
			remoteGlobalIDString = 50CFF5FB29CB31E9008D595E;
			remoteInfo = aaaaaa;
		};
		50CFF61D29CB31EB008D595E /* PBXContainerItemProxy */ = {
			isa = PBXContainerItemProxy;
			containerPortal = 50CFF5F429CB31E9008D595E /* Project object */;
			proxyType = 1;
			remoteGlobalIDString = 50CFF5FB29CB31E9008D595E;
			remoteInfo = aaaaaa;
		};
/* End PBXContainerItemProxy section */

/* Begin PBXFileReference section */
		50CFF5FC29CB31E9008D595E /* aaaaaa.app */ = {isa = PBXFileReference; explicitFileType = wrapper.application; includeInIndex = 0; path = aaaaaa.app; sourceTree = BUILT_PRODUCTS_DIR; };
		50CFF5FF29CB31E9008D595E /* AppDelegate.swift */ = {isa = PBXFileReference; lastKnownFileType = sourcecode.swift; path = AppDelegate.swift; sourceTree = "<group>"; };
		50CFF60129CB31E9008D595E /* SceneDelegate.swift */ = {isa = PBXFileReference; lastKnownFileType = sourcecode.swift; path = SceneDelegate.swift; sourceTree = "<group>"; };
		50CFF60329CB31E9008D595E /* ViewController.swift */ = {isa = PBXFileReference; lastKnownFileType = sourcecode.swift; path = ViewController.swift; sourceTree = "<group>"; };
		50CFF60629CB31E9008D595E /* Base */ = {isa = PBXFileReference; lastKnownFileType = file.storyboard; name = Base; path = Base.lproj/Main.storyboard; sourceTree = "<group>"; };
		50CFF60829CB31EB008D595E /* Assets.xcassets */ = {isa = PBXFileReference; lastKnownFileType = folder.assetcatalog; path = Assets.xcassets; sourceTree = "<group>"; };
		50CFF60B29CB31EB008D595E /* Base */ = {isa = PBXFileReference; lastKnownFileType = file.storyboard; name = Base; path = Base.lproj/LaunchScreen.storyboard; sourceTree = "<group>"; };
		50CFF60D29CB31EB008D595E /* Info.plist */ = {isa = PBXFileReference; lastKnownFileType = text.plist.xml; path = Info.plist; sourceTree = "<group>"; };
		50CFF61229CB31EB008D595E /* aaaaaaTests.xctest */ = {isa = PBXFileReference; explicitFileType = wrapper.cfbundle; includeInIndex = 0; path = aaaaaaTests.xctest; sourceTree = BUILT_PRODUCTS_DIR; };
		50CFF61629CB31EB008D595E /* aaaaaaTests.swift */ = {isa = PBXFileReference; lastKnownFileType = sourcecode.swift; path = aaaaaaTests.swift; sourceTree = "<group>"; };
		50CFF61C29CB31EB008D595E /* aaaaaaUITests.xctest */ = {isa = PBXFileReference; explicitFileType = wrapper.cfbundle; includeInIndex = 0; path = aaaaaaUITests.xctest; sourceTree = BUILT_PRODUCTS_DIR; };
		50CFF62029CB31EB008D595E /* aaaaaaUITests.swift */ = {isa = PBXFileReference; lastKnownFileType = sourcecode.swift; path = aaaaaaUITests.swift; sourceTree = "<group>"; };
		50CFF62229CB31EB008D595E /* aaaaaaUITestsLaunchTests.swift */ = {isa = PBXFileReference; lastKnownFileType = sourcecode.swift; path = aaaaaaUITestsLaunchTests.swift; sourceTree = "<group>"; };
		50CFF64529CBD507008D595E /* MyTableViewCell.swift */ = {isa = PBXFileReference; lastKnownFileType = sourcecode.swift; path = MyTableViewCell.swift; sourceTree = "<group>"; };
		50CFF64629CBD507008D595E /* MyTableViewCell.xib */ = {isa = PBXFileReference; lastKnownFileType = file.xib; path = MyTableViewCell.xib; sourceTree = "<group>"; };
/* End PBXFileReference section */

/* Begin PBXFrameworksBuildPhase section */
		50CFF5F929CB31E9008D595E /* Frameworks */ = {
			isa = PBXFrameworksBuildPhase;
			buildActionMask = 2147483647;
			files = (
				50CFF64B29CBD6F8008D595E /* Alamofire in Frameworks */,
			);
			runOnlyForDeploymentPostprocessing = 0;
		};
		50CFF60F29CB31EB008D595E /* Frameworks */ = {
			isa = PBXFrameworksBuildPhase;
			buildActionMask = 2147483647;
			files = (
			);
			runOnlyForDeploymentPostprocessing = 0;
		};
		50CFF61929CB31EB008D595E /* Frameworks */ = {
			isa = PBXFrameworksBuildPhase;
			buildActionMask = 2147483647;
			files = (
			);
			runOnlyForDeploymentPostprocessing = 0;
		};
/* End PBXFrameworksBuildPhase section */

/* Begin PBXGroup section */
		50CFF5F329CB31E9008D595E = {
			isa = PBXGroup;
			children = (
				50CFF5FE29CB31E9008D595E /* aaaaaa */,
				50CFF61529CB31EB008D595E /* aaaaaaTests */,
				50CFF61F29CB31EB008D595E /* aaaaaaUITests */,
				50CFF5FD29CB31E9008D595E /* Products */,
			);
			sourceTree = "<group>";
		};
		50CFF5FD29CB31E9008D595E /* Products */ = {
			isa = PBXGroup;
			children = (
				50CFF5FC29CB31E9008D595E /* aaaaaa.app */,
				50CFF61229CB31EB008D595E /* aaaaaaTests.xctest */,
				50CFF61C29CB31EB008D595E /* aaaaaaUITests.xctest */,
			);
			name = Products;
			sourceTree = "<group>";
		};
		50CFF5FE29CB31E9008D595E /* aaaaaa */ = {
			isa = PBXGroup;
			children = (
				50CFF5FF29CB31E9008D595E /* AppDelegate.swift */,
				50CFF60129CB31E9008D595E /* SceneDelegate.swift */,
				50CFF60329CB31E9008D595E /* ViewController.swift */,
				50CFF64529CBD507008D595E /* MyTableViewCell.swift */,
				50CFF64629CBD507008D595E /* MyTableViewCell.xib */,
				50CFF60529CB31E9008D595E /* Main.storyboard */,
				50CFF60829CB31EB008D595E /* Assets.xcassets */,
				50CFF60A29CB31EB008D595E /* LaunchScreen.storyboard */,
				50CFF60D29CB31EB008D595E /* Info.plist */,
			);
			path = aaaaaa;
			sourceTree = "<group>";
		};
		50CFF61529CB31EB008D595E /* aaaaaaTests */ = {
			isa = PBXGroup;
			children = (
				50CFF61629CB31EB008D595E /* aaaaaaTests.swift */,
			);
			path = aaaaaaTests;
			sourceTree = "<group>";
		};
		50CFF61F29CB31EB008D595E /* aaaaaaUITests */ = {
			isa = PBXGroup;
			children = (
				50CFF62029CB31EB008D595E /* aaaaaaUITests.swift */,
				50CFF62229CB31EB008D595E /* aaaaaaUITestsLaunchTests.swift */,
			);
			path = aaaaaaUITests;
			sourceTree = "<group>";
		};
/* End PBXGroup section */

/* Begin PBXNativeTarget section */
		50CFF5FB29CB31E9008D595E /* aaaaaa */ = {
			isa = PBXNativeTarget;
			buildConfigurationList = 50CFF62629CB31EB008D595E /* Build configuration list for PBXNativeTarget "aaaaaa" */;
			buildPhases = (
				50CFF5F829CB31E9008D595E /* Sources */,
				50CFF5F929CB31E9008D595E /* Frameworks */,
				50CFF5FA29CB31E9008D595E /* Resources */,
			);
			buildRules = (
			);
			dependencies = (
			);
			name = aaaaaa;
			packageProductDependencies = (
				50CFF64A29CBD6F8008D595E /* Alamofire */,
			);
			productName = aaaaaa;
			productReference = 50CFF5FC29CB31E9008D595E /* aaaaaa.app */;
			productType = "com.apple.product-type.application";
		};
		50CFF61129CB31EB008D595E /* aaaaaaTests */ = {
			isa = PBXNativeTarget;
			buildConfigurationList = 50CFF62929CB31EB008D595E /* Build configuration list for PBXNativeTarget "aaaaaaTests" */;
			buildPhases = (
				50CFF60E29CB31EB008D595E /* Sources */,
				50CFF60F29CB31EB008D595E /* Frameworks */,
				50CFF61029CB31EB008D595E /* Resources */,
			);
			buildRules = (
			);
			dependencies = (
				50CFF61429CB31EB008D595E /* PBXTargetDependency */,
			);
			name = aaaaaaTests;
			productName = aaaaaaTests;
			productReference = 50CFF61229CB31EB008D595E /* aaaaaaTests.xctest */;
			productType = "com.apple.product-type.bundle.unit-test";
		};
		50CFF61B29CB31EB008D595E /* aaaaaaUITests */ = {
			isa = PBXNativeTarget;
			buildConfigurationList = 50CFF62C29CB31EB008D595E /* Build configuration list for PBXNativeTarget "aaaaaaUITests" */;
			buildPhases = (
				50CFF61829CB31EB008D595E /* Sources */,
				50CFF61929CB31EB008D595E /* Frameworks */,
				50CFF61A29CB31EB008D595E /* Resources */,
			);
			buildRules = (
			);
			dependencies = (
				50CFF61E29CB31EB008D595E /* PBXTargetDependency */,
			);
			name = aaaaaaUITests;
			productName = aaaaaaUITests;
			productReference = 50CFF61C29CB31EB008D595E /* aaaaaaUITests.xctest */;
			productType = "com.apple.product-type.bundle.ui-testing";
		};
/* End PBXNativeTarget section */

/* Begin PBXProject section */
		50CFF5F429CB31E9008D595E /* Project object */ = {
			isa = PBXProject;
			attributes = {
				BuildIndependentTargetsInParallel = 1;
				LastSwiftUpdateCheck = 1420;
				LastUpgradeCheck = 1420;
				TargetAttributes = {
					50CFF5FB29CB31E9008D595E = {
						CreatedOnToolsVersion = 14.2;
					};
					50CFF61129CB31EB008D595E = {
						CreatedOnToolsVersion = 14.2;
						TestTargetID = 50CFF5FB29CB31E9008D595E;
					};
					50CFF61B29CB31EB008D595E = {
						CreatedOnToolsVersion = 14.2;
						TestTargetID = 50CFF5FB29CB31E9008D595E;
					};
				};
			};
			buildConfigurationList = 50CFF5F729CB31E9008D595E /* Build configuration list for PBXProject "aaaaaa" */;
			compatibilityVersion = "Xcode 14.0";
			developmentRegion = en;
			hasScannedForEncodings = 0;
			knownRegions = (
				en,
				Base,
			);
			mainGroup = 50CFF5F329CB31E9008D595E;
			packageReferences = (
				50CFF64929CBD6F8008D595E /* XCRemoteSwiftPackageReference "Alamofire" */,
			);
			productRefGroup = 50CFF5FD29CB31E9008D595E /* Products */;
			projectDirPath = "";
			projectRoot = "";
			targets = (
				50CFF5FB29CB31E9008D595E /* aaaaaa */,
				50CFF61129CB31EB008D595E /* aaaaaaTests */,
				50CFF61B29CB31EB008D595E /* aaaaaaUITests */,
			);
		};
/* End PBXProject section */

/* Begin PBXResourcesBuildPhase section */
		50CFF5FA29CB31E9008D595E /* Resources */ = {
			isa = PBXResourcesBuildPhase;
			buildActionMask = 2147483647;
			files = (
				50CFF60C29CB31EB008D595E /* LaunchScreen.storyboard in Resources */,
				50CFF64829CBD507008D595E /* MyTableViewCell.xib in Resources */,
				50CFF60929CB31EB008D595E /* Assets.xcassets in Resources */,
				50CFF60729CB31E9008D595E /* Main.storyboard in Resources */,
			);
			runOnlyForDeploymentPostprocessing = 0;
		};
		50CFF61029CB31EB008D595E /* Resources */ = {
			isa = PBXResourcesBuildPhase;
			buildActionMask = 2147483647;
			files = (
			);
			runOnlyForDeploymentPostprocessing = 0;
		};
		50CFF61A29CB31EB008D595E /* Resources */ = {
			isa = PBXResourcesBuildPhase;
			buildActionMask = 2147483647;
			files = (
			);
			runOnlyForDeploymentPostprocessing = 0;
		};
/* End PBXResourcesBuildPhase section */

/* Begin PBXSourcesBuildPhase section */
		50CFF5F829CB31E9008D595E /* Sources */ = {
			isa = PBXSourcesBuildPhase;
			buildActionMask = 2147483647;
			files = (
				50CFF60429CB31E9008D595E /* ViewController.swift in Sources */,
				50CFF64729CBD507008D595E /* MyTableViewCell.swift in Sources */,
				50CFF60029CB31E9008D595E /* AppDelegate.swift in Sources */,
				50CFF60229CB31E9008D595E /* SceneDelegate.swift in Sources */,
			);
			runOnlyForDeploymentPostprocessing = 0;
		};
		50CFF60E29CB31EB008D595E /* Sources */ = {
			isa = PBXSourcesBuildPhase;
			buildActionMask = 2147483647;
			files = (
				50CFF61729CB31EB008D595E /* aaaaaaTests.swift in Sources */,
			);
			runOnlyForDeploymentPostprocessing = 0;
		};
		50CFF61829CB31EB008D595E /* Sources */ = {
			isa = PBXSourcesBuildPhase;
			buildActionMask = 2147483647;
			files = (
				50CFF62329CB31EB008D595E /* aaaaaaUITestsLaunchTests.swift in Sources */,
				50CFF62129CB31EB008D595E /* aaaaaaUITests.swift in Sources */,
			);
			runOnlyForDeploymentPostprocessing = 0;
		};
/* End PBXSourcesBuildPhase section */

/* Begin PBXTargetDependency section */
		50CFF61429CB31EB008D595E /* PBXTargetDependency */ = {
			isa = PBXTargetDependency;
			target = 50CFF5FB29CB31E9008D595E /* aaaaaa */;
			targetProxy = 50CFF61329CB31EB008D595E /* PBXContainerItemProxy */;
		};
		50CFF61E29CB31EB008D595E /* PBXTargetDependency */ = {
			isa = PBXTargetDependency;
			target = 50CFF5FB29CB31E9008D595E /* aaaaaa */;
			targetProxy = 50CFF61D29CB31EB008D595E /* PBXContainerItemProxy */;
		};
/* End PBXTargetDependency section */

/* Begin PBXVariantGroup section */
		50CFF60529CB31E9008D595E /* Main.storyboard */ = {
			isa = PBXVariantGroup;
			children = (
				50CFF60629CB31E9008D595E /* Base */,
			);
			name = Main.storyboard;
			sourceTree = "<group>";
		};
		50CFF60A29CB31EB008D595E /* LaunchScreen.storyboard */ = {
			isa = PBXVariantGroup;
			children = (
				50CFF60B29CB31EB008D595E /* Base */,
			);
			name = LaunchScreen.storyboard;
			sourceTree = "<group>";
		};
/* End PBXVariantGroup section */

/* Begin XCBuildConfiguration section */
		50CFF62429CB31EB008D595E /* Debug */ = {
			isa = XCBuildConfiguration;
			buildSettings = {
				ALWAYS_SEARCH_USER_PATHS = NO;
				CLANG_ANALYZER_NONNULL = YES;
				CLANG_ANALYZER_NUMBER_OBJECT_CONVERSION = YES_AGGRESSIVE;
				CLANG_CXX_LANGUAGE_STANDARD = "gnu++20";
				CLANG_ENABLE_MODULES = YES;
				CLANG_ENABLE_OBJC_ARC = YES;
				CLANG_ENABLE_OBJC_WEAK = YES;
				CLANG_WARN_BLOCK_CAPTURE_AUTORELEASING = YES;
				CLANG_WARN_BOOL_CONVERSION = YES;
				CLANG_WARN_COMMA = YES;
				CLANG_WARN_CONSTANT_CONVERSION = YES;
				CLANG_WARN_DEPRECATED_OBJC_IMPLEMENTATIONS = YES;
				CLANG_WARN_DIRECT_OBJC_ISA_USAGE = YES_ERROR;
				CLANG_WARN_DOCUMENTATION_COMMENTS = YES;
				CLANG_WARN_EMPTY_BODY = YES;
				CLANG_WARN_ENUM_CONVERSION = YES;
				CLANG_WARN_INFINITE_RECURSION = YES;
				CLANG_WARN_INT_CONVERSION = YES;
				CLANG_WARN_NON_LITERAL_NULL_CONVERSION = YES;
				CLANG_WARN_OBJC_IMPLICIT_RETAIN_SELF = YES;
				CLANG_WARN_OBJC_LITERAL_CONVERSION = YES;
				CLANG_WARN_OBJC_ROOT_CLASS = YES_ERROR;
				CLANG_WARN_QUOTED_INCLUDE_IN_FRAMEWORK_HEADER = YES;
				CLANG_WARN_RANGE_LOOP_ANALYSIS = YES;
				CLANG_WARN_STRICT_PROTOTYPES = YES;
				CLANG_WARN_SUSPICIOUS_MOVE = YES;
				CLANG_WARN_UNGUARDED_AVAILABILITY = YES_AGGRESSIVE;
				CLANG_WARN_UNREACHABLE_CODE = YES;
				CLANG_WARN__DUPLICATE_METHOD_MATCH = YES;
				COPY_PHASE_STRIP = NO;
				DEBUG_INFORMATION_FORMAT = dwarf;
				ENABLE_STRICT_OBJC_MSGSEND = YES;
				ENABLE_TESTABILITY = YES;
				GCC_C_LANGUAGE_STANDARD = gnu11;
				GCC_DYNAMIC_NO_PIC = NO;
				GCC_NO_COMMON_BLOCKS = YES;
				GCC_OPTIMIZATION_LEVEL = 0;
				GCC_PREPROCESSOR_DEFINITIONS = (
					"DEBUG=1",
					"$(inherited)",
				);
				GCC_WARN_64_TO_32_BIT_CONVERSION = YES;
				GCC_WARN_ABOUT_RETURN_TYPE = YES_ERROR;
				GCC_WARN_UNDECLARED_SELECTOR = YES;
				GCC_WARN_UNINITIALIZED_AUTOS = YES_AGGRESSIVE;
				GCC_WARN_UNUSED_FUNCTION = YES;
				GCC_WARN_UNUSED_VARIABLE = YES;
				IPHONEOS_DEPLOYMENT_TARGET = 16.2;
				MTL_ENABLE_DEBUG_INFO = INCLUDE_SOURCE;
				MTL_FAST_MATH = YES;
				ONLY_ACTIVE_ARCH = YES;
				SDKROOT = iphoneos;
				SWIFT_ACTIVE_COMPILATION_CONDITIONS = DEBUG;
				SWIFT_OPTIMIZATION_LEVEL = "-Onone";
			};
			name = Debug;
		};
		50CFF62529CB31EB008D595E /* Release */ = {
			isa = XCBuildConfiguration;
			buildSettings = {
				ALWAYS_SEARCH_USER_PATHS = NO;
				CLANG_ANALYZER_NONNULL = YES;
				CLANG_ANALYZER_NUMBER_OBJECT_CONVERSION = YES_AGGRESSIVE;
				CLANG_CXX_LANGUAGE_STANDARD = "gnu++20";
				CLANG_ENABLE_MODULES = YES;
				CLANG_ENABLE_OBJC_ARC = YES;
				CLANG_ENABLE_OBJC_WEAK = YES;
				CLANG_WARN_BLOCK_CAPTURE_AUTORELEASING = YES;
				CLANG_WARN_BOOL_CONVERSION = YES;
				CLANG_WARN_COMMA = YES;
				CLANG_WARN_CONSTANT_CONVERSION = YES;
				CLANG_WARN_DEPRECATED_OBJC_IMPLEMENTATIONS = YES;
				CLANG_WARN_DIRECT_OBJC_ISA_USAGE = YES_ERROR;
				CLANG_WARN_DOCUMENTATION_COMMENTS = YES;
				CLANG_WARN_EMPTY_BODY = YES;
				CLANG_WARN_ENUM_CONVERSION = YES;
				CLANG_WARN_INFINITE_RECURSION = YES;
				CLANG_WARN_INT_CONVERSION = YES;
				CLANG_WARN_NON_LITERAL_NULL_CONVERSION = YES;
				CLANG_WARN_OBJC_IMPLICIT_RETAIN_SELF = YES;
				CLANG_WARN_OBJC_LITERAL_CONVERSION = YES;
				CLANG_WARN_OBJC_ROOT_CLASS = YES_ERROR;
				CLANG_WARN_QUOTED_INCLUDE_IN_FRAMEWORK_HEADER = YES;
				CLANG_WARN_RANGE_LOOP_ANALYSIS = YES;
				CLANG_WARN_STRICT_PROTOTYPES = YES;
				CLANG_WARN_SUSPICIOUS_MOVE = YES;
				CLANG_WARN_UNGUARDED_AVAILABILITY = YES_AGGRESSIVE;
				CLANG_WARN_UNREACHABLE_CODE = YES;
				CLANG_WARN__DUPLICATE_METHOD_MATCH = YES;
				COPY_PHASE_STRIP = NO;
				DEBUG_INFORMATION_FORMAT = "dwarf-with-dsym";
				ENABLE_NS_ASSERTIONS = NO;
				ENABLE_STRICT_OBJC_MSGSEND = YES;
				GCC_C_LANGUAGE_STANDARD = gnu11;
				GCC_NO_COMMON_BLOCKS = YES;
				GCC_WARN_64_TO_32_BIT_CONVERSION = YES;
				GCC_WARN_ABOUT_RETURN_TYPE = YES_ERROR;
				GCC_WARN_UNDECLARED_SELECTOR = YES;
				GCC_WARN_UNINITIALIZED_AUTOS = YES_AGGRESSIVE;
				GCC_WARN_UNUSED_FUNCTION = YES;
				GCC_WARN_UNUSED_VARIABLE = YES;
				IPHONEOS_DEPLOYMENT_TARGET = 16.2;
				MTL_ENABLE_DEBUG_INFO = NO;
				MTL_FAST_MATH = YES;
				SDKROOT = iphoneos;
				SWIFT_COMPILATION_MODE = wholemodule;
				SWIFT_OPTIMIZATION_LEVEL = "-O";
				VALIDATE_PRODUCT = YES;
			};
			name = Release;
		};
		50CFF62729CB31EB008D595E /* Debug */ = {
			isa = XCBuildConfiguration;
			buildSettings = {
				ASSETCATALOG_COMPILER_APPICON_NAME = AppIcon;
				ASSETCATALOG_COMPILER_GLOBAL_ACCENT_COLOR_NAME = AccentColor;
				CODE_SIGN_STYLE = Automatic;
				CURRENT_PROJECT_VERSION = 1;
				GENERATE_INFOPLIST_FILE = YES;
				INFOPLIST_FILE = aaaaaa/Info.plist;
				INFOPLIST_KEY_UIApplicationSupportsIndirectInputEvents = YES;
				INFOPLIST_KEY_UILaunchStoryboardName = LaunchScreen;
				INFOPLIST_KEY_UIMainStoryboardFile = Main;
				INFOPLIST_KEY_UISupportedInterfaceOrientations_iPad = "UIInterfaceOrientationPortrait UIInterfaceOrientationPortraitUpsideDown UIInterfaceOrientationLandscapeLeft UIInterfaceOrientationLandscapeRight";
				INFOPLIST_KEY_UISupportedInterfaceOrientations_iPhone = "UIInterfaceOrientationPortrait UIInterfaceOrientationLandscapeLeft UIInterfaceOrientationLandscapeRight";
				LD_RUNPATH_SEARCH_PATHS = (
					"$(inherited)",
					"@executable_path/Frameworks",
				);
				MARKETING_VERSION = 1.0;
				PRODUCT_BUNDLE_IDENTIFIER = com.kaushik.pvl.aaaaaa;
				PRODUCT_NAME = "$(TARGET_NAME)";
				SWIFT_EMIT_LOC_STRINGS = YES;
				SWIFT_VERSION = 5.0;
				TARGETED_DEVICE_FAMILY = "1,2";
			};
			name = Debug;
		};
		50CFF62829CB31EB008D595E /* Release */ = {
			isa = XCBuildConfiguration;
			buildSettings = {
				ASSETCATALOG_COMPILER_APPICON_NAME = AppIcon;
				ASSETCATALOG_COMPILER_GLOBAL_ACCENT_COLOR_NAME = AccentColor;
				CODE_SIGN_STYLE = Automatic;
				CURRENT_PROJECT_VERSION = 1;
				GENERATE_INFOPLIST_FILE = YES;
				INFOPLIST_FILE = aaaaaa/Info.plist;
				INFOPLIST_KEY_UIApplicationSupportsIndirectInputEvents = YES;
				INFOPLIST_KEY_UILaunchStoryboardName = LaunchScreen;
				INFOPLIST_KEY_UIMainStoryboardFile = Main;
				INFOPLIST_KEY_UISupportedInterfaceOrientations_iPad = "UIInterfaceOrientationPortrait UIInterfaceOrientationPortraitUpsideDown UIInterfaceOrientationLandscapeLeft UIInterfaceOrientationLandscapeRight";
				INFOPLIST_KEY_UISupportedInterfaceOrientations_iPhone = "UIInterfaceOrientationPortrait UIInterfaceOrientationLandscapeLeft UIInterfaceOrientationLandscapeRight";
				LD_RUNPATH_SEARCH_PATHS = (
					"$(inherited)",
					"@executable_path/Frameworks",
				);
				MARKETING_VERSION = 1.0;
				PRODUCT_BUNDLE_IDENTIFIER = com.kaushik.pvl.aaaaaa;
				PRODUCT_NAME = "$(TARGET_NAME)";
				SWIFT_EMIT_LOC_STRINGS = YES;
				SWIFT_VERSION = 5.0;
				TARGETED_DEVICE_FAMILY = "1,2";
			};
			name = Release;
		};
		50CFF62A29CB31EB008D595E /* Debug */ = {
			isa = XCBuildConfiguration;
			buildSettings = {
				ALWAYS_EMBED_SWIFT_STANDARD_LIBRARIES = YES;
				BUNDLE_LOADER = "$(TEST_HOST)";
				CODE_SIGN_STYLE = Automatic;
				CURRENT_PROJECT_VERSION = 1;
				GENERATE_INFOPLIST_FILE = YES;
				IPHONEOS_DEPLOYMENT_TARGET = 16.2;
				MARKETING_VERSION = 1.0;
				PRODUCT_BUNDLE_IDENTIFIER = com.kaushik.pvl.aaaaaaTests;
				PRODUCT_NAME = "$(TARGET_NAME)";
				SWIFT_EMIT_LOC_STRINGS = NO;
				SWIFT_VERSION = 5.0;
				TARGETED_DEVICE_FAMILY = "1,2";
				TEST_HOST = "$(BUILT_PRODUCTS_DIR)/aaaaaa.app/$(BUNDLE_EXECUTABLE_FOLDER_PATH)/aaaaaa";
			};
			name = Debug;
		};
		50CFF62B29CB31EB008D595E /* Release */ = {
			isa = XCBuildConfiguration;
			buildSettings = {
				ALWAYS_EMBED_SWIFT_STANDARD_LIBRARIES = YES;
				BUNDLE_LOADER = "$(TEST_HOST)";
				CODE_SIGN_STYLE = Automatic;
				CURRENT_PROJECT_VERSION = 1;
				GENERATE_INFOPLIST_FILE = YES;
				IPHONEOS_DEPLOYMENT_TARGET = 16.2;
				MARKETING_VERSION = 1.0;
				PRODUCT_BUNDLE_IDENTIFIER = com.kaushik.pvl.aaaaaaTests;
				PRODUCT_NAME = "$(TARGET_NAME)";
				SWIFT_EMIT_LOC_STRINGS = NO;
				SWIFT_VERSION = 5.0;
				TARGETED_DEVICE_FAMILY = "1,2";
				TEST_HOST = "$(BUILT_PRODUCTS_DIR)/aaaaaa.app/$(BUNDLE_EXECUTABLE_FOLDER_PATH)/aaaaaa";
			};
			name = Release;
		};
		50CFF62D29CB31EB008D595E /* Debug */ = {
			isa = XCBuildConfiguration;
			buildSettings = {
				ALWAYS_EMBED_SWIFT_STANDARD_LIBRARIES = YES;
				CODE_SIGN_STYLE = Automatic;
				CURRENT_PROJECT_VERSION = 1;
				GENERATE_INFOPLIST_FILE = YES;
				MARKETING_VERSION = 1.0;
				PRODUCT_BUNDLE_IDENTIFIER = com.kaushik.pvl.aaaaaaUITests;
				PRODUCT_NAME = "$(TARGET_NAME)";
				SWIFT_EMIT_LOC_STRINGS = NO;
				SWIFT_VERSION = 5.0;
				TARGETED_DEVICE_FAMILY = "1,2";
				TEST_TARGET_NAME = aaaaaa;
			};
			name = Debug;
		};
		50CFF62E29CB31EB008D595E /* Release */ = {
			isa = XCBuildConfiguration;
			buildSettings = {
				ALWAYS_EMBED_SWIFT_STANDARD_LIBRARIES = YES;
				CODE_SIGN_STYLE = Automatic;
				CURRENT_PROJECT_VERSION = 1;
				GENERATE_INFOPLIST_FILE = YES;
				MARKETING_VERSION = 1.0;
				PRODUCT_BUNDLE_IDENTIFIER = com.kaushik.pvl.aaaaaaUITests;
				PRODUCT_NAME = "$(TARGET_NAME)";
				SWIFT_EMIT_LOC_STRINGS = NO;
				SWIFT_VERSION = 5.0;
				TARGETED_DEVICE_FAMILY = "1,2";
				TEST_TARGET_NAME = aaaaaa;
			};
			name = Release;
		};
/* End XCBuildConfiguration section */

/* Begin XCConfigurationList section */
		50CFF5F729CB31E9008D595E /* Build configuration list for PBXProject "aaaaaa" */ = {
			isa = XCConfigurationList;
			buildConfigurations = (
				50CFF62429CB31EB008D595E /* Debug */,
				50CFF62529CB31EB008D595E /* Release */,
			);
			defaultConfigurationIsVisible = 0;
			defaultConfigurationName = Release;
		};
		50CFF62629CB31EB008D595E /* Build configuration list for PBXNativeTarget "aaaaaa" */ = {
			isa = XCConfigurationList;
			buildConfigurations = (
				50CFF62729CB31EB008D595E /* Debug */,
				50CFF62829CB31EB008D595E /* Release */,
			);
			defaultConfigurationIsVisible = 0;
			defaultConfigurationName = Release;
		};
		50CFF62929CB31EB008D595E /* Build configuration list for PBXNativeTarget "aaaaaaTests" */ = {
			isa = XCConfigurationList;
			buildConfigurations = (
				50CFF62A29CB31EB008D595E /* Debug */,
				50CFF62B29CB31EB008D595E /* Release */,
			);
			defaultConfigurationIsVisible = 0;
			defaultConfigurationName = Release;
		};
		50CFF62C29CB31EB008D595E /* Build configuration list for PBXNativeTarget "aaaaaaUITests" */ = {
			isa = XCConfigurationList;
			buildConfigurations = (
				50CFF62D29CB31EB008D595E /* Debug */,
				50CFF62E29CB31EB008D595E /* Release */,
			);
			defaultConfigurationIsVisible = 0;
			defaultConfigurationName = Release;
		};
/* End XCConfigurationList section */

/* Begin XCRemoteSwiftPackageReference section */
		50CFF64929CBD6F8008D595E /* XCRemoteSwiftPackageReference "Alamofire" */ = {
			isa = XCRemoteSwiftPackageReference;
			repositoryURL = "https://github.com/Alamofire/Alamofire.git";
			requirement = {
				branch = master;
				kind = branch;
			};
		};
/* End XCRemoteSwiftPackageReference section */

/* Begin XCSwiftPackageProductDependency section */
		50CFF64A29CBD6F8008D595E /* Alamofire */ = {
			isa = XCSwiftPackageProductDependency;
			package = 50CFF64929CBD6F8008D595E /* XCRemoteSwiftPackageReference "Alamofire" */;
			productName = Alamofire;
		};
/* End XCSwiftPackageProductDependency section */
	};
	rootObject = 50CFF5F429CB31E9008D595E /* Project object */;
}
